// !$*UTF8*$!
{
	archiveVersion = 1;
	classes = {
	};
	objectVersion = 77;
	objects = {

/* Begin PBXBuildFile section */
		654490302EF89A3E00954EE2 /* AppContainer.swift in Sources */ = {isa = PBXBuildFile; fileRef = 6544902F2EF89A3E00954EE2 /* AppContainer.swift */; };
		654490322EF8AB2F00954EE2 /* CreateTriggerViewModel.swift in Sources */ = {isa = PBXBuildFile; fileRef = 654490312EF8AB2C00954EE2 /* CreateTriggerViewModel.swift */; };
		65ECC3732EF74FD600F75278 /* Trigger.swift in Sources */ = {isa = PBXBuildFile; fileRef = 65ECC3722EF74FD500F75278 /* Trigger.swift */; };
		65ECC3782EF7507000F75278 /* CryptoToken.swift in Sources */ = {isa = PBXBuildFile; fileRef = 65ECC3772EF7506F00F75278 /* CryptoToken.swift */; };
		65ECC37A2EF7508100F75278 /* InvestmentRecord.swift in Sources */ = {isa = PBXBuildFile; fileRef = 65ECC3792EF7508000F75278 /* InvestmentRecord.swift */; };
		65ECC3822EF753BE00F75278 /* DataProvider.swift in Sources */ = {isa = PBXBuildFile; fileRef = 65ECC3812EF753BC00F75278 /* DataProvider.swift */; };
		65ECC3852EF7546F00F75278 /* TriggerEvaluator.swift in Sources */ = {isa = PBXBuildFile; fileRef = 65ECC3842EF7546E00F75278 /* TriggerEvaluator.swift */; };
		65ECC3872EF7548E00F75278 /* TriggerManager.swift in Sources */ = {isa = PBXBuildFile; fileRef = 65ECC3862EF7548D00F75278 /* TriggerManager.swift */; };
		65ECC38B2EF7550B00F75278 /* DataProviderProtocol.swift in Sources */ = {isa = PBXBuildFile; fileRef = 65ECC38A2EF7550800F75278 /* DataProviderProtocol.swift */; };
		65ECC38D2EF7556700F75278 /* CryptoManager.swift in Sources */ = {isa = PBXBuildFile; fileRef = 65ECC38C2EF7556600F75278 /* CryptoManager.swift */; };
		65ECC38F2EF7559900F75278 /* NotificationManager.swift in Sources */ = {isa = PBXBuildFile; fileRef = 65ECC38E2EF7559800F75278 /* NotificationManager.swift */; };
		65ECC3912EF755AE00F75278 /* StorageManager.swift in Sources */ = {isa = PBXBuildFile; fileRef = 65ECC3902EF755AD00F75278 /* StorageManager.swift */; };
		65ECC3942EF7565700F75278 /* TriggerListViewModel.swift in Sources */ = {isa = PBXBuildFile; fileRef = 65ECC3932EF7565400F75278 /* TriggerListViewModel.swift */; };
		65ECC3962EF756EC00F75278 /* MockDataProvider.swift in Sources */ = {isa = PBXBuildFile; fileRef = 65ECC3952EF756EB00F75278 /* MockDataProvider.swift */; };
		65ED74582EB6967F00336086 /* TriggersListScreen.swift in Sources */ = {isa = PBXBuildFile; fileRef = 65ED74572EB6967F00336086 /* TriggersListScreen.swift */; };
		65F13E6E2EB3D8B2003EB629 /* Preview Assets.xcassets in Resources */ = {isa = PBXBuildFile; fileRef = 65F13E682EB3D8B2003EB629 /* Preview Assets.xcassets */; };
		65F13E6F2EB3D8B2003EB629 /* Assets.xcassets in Resources */ = {isa = PBXBuildFile; fileRef = 65F13E6A2EB3D8B2003EB629 /* Assets.xcassets */; };
		65F13E712EB3D8B2003EB629 /* InvestHelperApp.swift in Sources */ = {isa = PBXBuildFile; fileRef = 65F13E6C2EB3D8B2003EB629 /* InvestHelperApp.swift */; };
		65F13E772EB3DB9E003EB629 /* Localizable.strings in Resources */ = {isa = PBXBuildFile; fileRef = 65F13E762EB3DB9E003EB629 /* Localizable.strings */; };
		65F13E792EB3DBD9003EB629 /* Keys.swift in Sources */ = {isa = PBXBuildFile; fileRef = 65F13E782EB3DBD9003EB629 /* Keys.swift */; };
		65F13E812EB3DC37003EB629 /* Router.swift in Sources */ = {isa = PBXBuildFile; fileRef = 65F13E802EB3DC37003EB629 /* Router.swift */; };
		65F13E832EB3DE1B003EB629 /* RouterView.swift in Sources */ = {isa = PBXBuildFile; fileRef = 65F13E822EB3DE1B003EB629 /* RouterView.swift */; };
		65F13E852EB3DE2C003EB629 /* AppRoute.swift in Sources */ = {isa = PBXBuildFile; fileRef = 65F13E842EB3DE2C003EB629 /* AppRoute.swift */; };
		65F13E892EB3E045003EB629 /* PortfolioScreen.swift in Sources */ = {isa = PBXBuildFile; fileRef = 65F13E882EB3E045003EB629 /* PortfolioScreen.swift */; };
		65F13E8C2EB3E299003EB629 /* CreateTriggerScreen.swift in Sources */ = {isa = PBXBuildFile; fileRef = 65F13E8B2EB3E299003EB629 /* CreateTriggerScreen.swift */; };
		65F13E8E2EB3E2C6003EB629 /* SettingsScreen.swift in Sources */ = {isa = PBXBuildFile; fileRef = 65F13E8D2EB3E2C6003EB629 /* SettingsScreen.swift */; };
/* End PBXBuildFile section */

/* Begin PBXFileReference section */
		6544902F2EF89A3E00954EE2 /* AppContainer.swift */ = {isa = PBXFileReference; lastKnownFileType = sourcecode.swift; path = AppContainer.swift; sourceTree = "<group>"; };
		654490312EF8AB2C00954EE2 /* CreateTriggerViewModel.swift */ = {isa = PBXFileReference; lastKnownFileType = sourcecode.swift; path = CreateTriggerViewModel.swift; sourceTree = "<group>"; };
		65ECC3722EF74FD500F75278 /* Trigger.swift */ = {isa = PBXFileReference; lastKnownFileType = sourcecode.swift; path = Trigger.swift; sourceTree = "<group>"; };
		65ECC3772EF7506F00F75278 /* CryptoToken.swift */ = {isa = PBXFileReference; lastKnownFileType = sourcecode.swift; path = CryptoToken.swift; sourceTree = "<group>"; };
		65ECC3792EF7508000F75278 /* InvestmentRecord.swift */ = {isa = PBXFileReference; lastKnownFileType = sourcecode.swift; path = InvestmentRecord.swift; sourceTree = "<group>"; };
		65ECC3812EF753BC00F75278 /* DataProvider.swift */ = {isa = PBXFileReference; lastKnownFileType = sourcecode.swift; path = DataProvider.swift; sourceTree = "<group>"; };
		65ECC3842EF7546E00F75278 /* TriggerEvaluator.swift */ = {isa = PBXFileReference; lastKnownFileType = sourcecode.swift; path = TriggerEvaluator.swift; sourceTree = "<group>"; };
		65ECC3862EF7548D00F75278 /* TriggerManager.swift */ = {isa = PBXFileReference; lastKnownFileType = sourcecode.swift; path = TriggerManager.swift; sourceTree = "<group>"; };
		65ECC38A2EF7550800F75278 /* DataProviderProtocol.swift */ = {isa = PBXFileReference; lastKnownFileType = sourcecode.swift; path = DataProviderProtocol.swift; sourceTree = "<group>"; };
		65ECC38C2EF7556600F75278 /* CryptoManager.swift */ = {isa = PBXFileReference; lastKnownFileType = sourcecode.swift; path = CryptoManager.swift; sourceTree = "<group>"; };
		65ECC38E2EF7559800F75278 /* NotificationManager.swift */ = {isa = PBXFileReference; lastKnownFileType = sourcecode.swift; path = NotificationManager.swift; sourceTree = "<group>"; };
		65ECC3902EF755AD00F75278 /* StorageManager.swift */ = {isa = PBXFileReference; lastKnownFileType = sourcecode.swift; path = StorageManager.swift; sourceTree = "<group>"; };
		65ECC3932EF7565400F75278 /* TriggerListViewModel.swift */ = {isa = PBXFileReference; lastKnownFileType = sourcecode.swift; path = TriggerListViewModel.swift; sourceTree = "<group>"; };
		65ECC3952EF756EB00F75278 /* MockDataProvider.swift */ = {isa = PBXFileReference; lastKnownFileType = sourcecode.swift; path = MockDataProvider.swift; sourceTree = "<group>"; };
		65ED74572EB6967F00336086 /* TriggersListScreen.swift */ = {isa = PBXFileReference; lastKnownFileType = sourcecode.swift; path = TriggersListScreen.swift; sourceTree = "<group>"; };
		65F13E572EB3D8A7003EB629 /* InvestHelper.app */ = {isa = PBXFileReference; explicitFileType = wrapper.application; includeInIndex = 0; path = InvestHelper.app; sourceTree = BUILT_PRODUCTS_DIR; };
		65F13E682EB3D8B2003EB629 /* Preview Assets.xcassets */ = {isa = PBXFileReference; lastKnownFileType = folder.assetcatalog; path = "Preview Assets.xcassets"; sourceTree = "<group>"; };
		65F13E6A2EB3D8B2003EB629 /* Assets.xcassets */ = {isa = PBXFileReference; lastKnownFileType = folder.assetcatalog; path = Assets.xcassets; sourceTree = "<group>"; };
		65F13E6C2EB3D8B2003EB629 /* InvestHelperApp.swift */ = {isa = PBXFileReference; lastKnownFileType = sourcecode.swift; path = InvestHelperApp.swift; sourceTree = "<group>"; };
		65F13E742EB3DB9E003EB629 /* Localizable.strings */ = {isa = PBXFileReference; lastKnownFileType = text.plist.strings; name = Localizable.strings; path = en.lproj/Localizable.strings; sourceTree = "<group>"; };
		65F13E752EB3DB9E003EB629 /* Localizable.strings */ = {isa = PBXFileReference; lastKnownFileType = text.plist.strings; name = Localizable.strings; path = ru.lproj/Localizable.strings; sourceTree = "<group>"; };
		65F13E782EB3DBD9003EB629 /* Keys.swift */ = {isa = PBXFileReference; lastKnownFileType = sourcecode.swift; path = Keys.swift; sourceTree = "<group>"; };
		65F13E802EB3DC37003EB629 /* Router.swift */ = {isa = PBXFileReference; lastKnownFileType = sourcecode.swift; path = Router.swift; sourceTree = "<group>"; };
		65F13E822EB3DE1B003EB629 /* RouterView.swift */ = {isa = PBXFileReference; lastKnownFileType = sourcecode.swift; path = RouterView.swift; sourceTree = "<group>"; };
		65F13E842EB3DE2C003EB629 /* AppRoute.swift */ = {isa = PBXFileReference; lastKnownFileType = sourcecode.swift; path = AppRoute.swift; sourceTree = "<group>"; };
		65F13E882EB3E045003EB629 /* PortfolioScreen.swift */ = {isa = PBXFileReference; lastKnownFileType = sourcecode.swift; path = PortfolioScreen.swift; sourceTree = "<group>"; };
		65F13E8B2EB3E299003EB629 /* CreateTriggerScreen.swift */ = {isa = PBXFileReference; lastKnownFileType = sourcecode.swift; path = CreateTriggerScreen.swift; sourceTree = "<group>"; };
		65F13E8D2EB3E2C6003EB629 /* SettingsScreen.swift */ = {isa = PBXFileReference; lastKnownFileType = sourcecode.swift; path = SettingsScreen.swift; sourceTree = "<group>"; };
/* End PBXFileReference section */

/* Begin PBXFrameworksBuildPhase section */
		65F13E542EB3D8A7003EB629 /* Frameworks */ = {
			isa = PBXFrameworksBuildPhase;
			buildActionMask = 2147483647;
			files = (
			);
			runOnlyForDeploymentPostprocessing = 0;
		};
/* End PBXFrameworksBuildPhase section */

/* Begin PBXGroup section */
		6506253E2EB3F6F4001C617C /* API */ = {
			isa = PBXGroup;
			children = (
			);
			path = API;
			sourceTree = "<group>";
		};
		65ECC37C2EF750B800F75278 /* Managers */ = {
			isa = PBXGroup;
			children = (
				65ECC3862EF7548D00F75278 /* TriggerManager.swift */,
				65ECC3842EF7546E00F75278 /* TriggerEvaluator.swift */,
				65ECC3812EF753BC00F75278 /* DataProvider.swift */,
				65ECC38C2EF7556600F75278 /* CryptoManager.swift */,
				65ECC3982EF75C6E00F75278 /* Storage */,
				65ECC3972EF7571E00F75278 /* Mock */,
				65ECC3992EF75CA700F75278 /* Notification */,
			);
			path = Managers;
			sourceTree = "<group>";
		};
		65ECC3892EF754F400F75278 /* Protocols */ = {
			isa = PBXGroup;
			children = (
				65ECC38A2EF7550800F75278 /* DataProviderProtocol.swift */,
			);
			path = Protocols;
			sourceTree = "<group>";
		};
		65ECC3972EF7571E00F75278 /* Mock */ = {
			isa = PBXGroup;
			children = (
				65ECC3952EF756EB00F75278 /* MockDataProvider.swift */,
			);
			path = Mock;
			sourceTree = "<group>";
		};
		65ECC3982EF75C6E00F75278 /* Storage */ = {
			isa = PBXGroup;
			children = (
				65ECC3902EF755AD00F75278 /* StorageManager.swift */,
			);
			path = Storage;
			sourceTree = "<group>";
		};
		65ECC3992EF75CA700F75278 /* Notification */ = {
			isa = PBXGroup;
			children = (
				65ECC38E2EF7559800F75278 /* NotificationManager.swift */,
			);
			path = Notification;
			sourceTree = "<group>";
		};
		65ED74562EB6965400336086 /* TriggersListView */ = {
			isa = PBXGroup;
			children = (
				65ED74572EB6967F00336086 /* TriggersListScreen.swift */,
			);
			path = TriggersListView;
			sourceTree = "<group>";
		};
		65F13E4E2EB3D8A7003EB629 = {
			isa = PBXGroup;
			children = (
				65F13E6D2EB3D8B2003EB629 /* InvestHelper */,
			);
			sourceTree = "<group>";
		};
		65F13E582EB3D8A7003EB629 /* Products */ = {
			isa = PBXGroup;
			children = (
				65F13E572EB3D8A7003EB629 /* InvestHelper.app */,
			);
			name = Products;
			sourceTree = "<group>";
		};
		65F13E692EB3D8B2003EB629 /* Preview Content */ = {
			isa = PBXGroup;
			children = (
				65F13E682EB3D8B2003EB629 /* Preview Assets.xcassets */,
			);
			path = "Preview Content";
			sourceTree = "<group>";
		};
		65F13E6D2EB3D8B2003EB629 /* InvestHelper */ = {
			isa = PBXGroup;
			children = (
				65F13E6C2EB3D8B2003EB629 /* InvestHelperApp.swift */,
				6544902F2EF89A3E00954EE2 /* AppContainer.swift */,
				65F13E7F2EB3DC13003EB629 /* Views */,
				65F13E7C2EB3DC05003EB629 /* ViewModel */,
				65F13E7B2EB3DBFF003EB629 /* Models */,
				65F13E7A2EB3DBED003EB629 /* Services */,
				65ECC3892EF754F400F75278 /* Protocols */,
				65F13E722EB3DB80003EB629 /* Resources */,
				65F13E582EB3D8A7003EB629 /* Products */,
				65F13E692EB3D8B2003EB629 /* Preview Content */,
			);
			path = InvestHelper;
			sourceTree = "<group>";
		};
		65F13E722EB3DB80003EB629 /* Resources */ = {
			isa = PBXGroup;
			children = (
				65F13E732EB3DB91003EB629 /* Localizable */,
				65F13E6A2EB3D8B2003EB629 /* Assets.xcassets */,
				65F13E782EB3DBD9003EB629 /* Keys.swift */,
			);
			path = Resources;
			sourceTree = "<group>";
		};
		65F13E732EB3DB91003EB629 /* Localizable */ = {
			isa = PBXGroup;
			children = (
				65F13E762EB3DB9E003EB629 /* Localizable.strings */,
			);
			path = Localizable;
			sourceTree = "<group>";
		};
		65F13E7A2EB3DBED003EB629 /* Services */ = {
			isa = PBXGroup;
			children = (
				65ECC37C2EF750B800F75278 /* Managers */,
				6506253E2EB3F6F4001C617C /* API */,
				65F13E862EB3DF92003EB629 /* Routing  */,
			);
			path = Services;
			sourceTree = "<group>";
		};
		65F13E7B2EB3DBFF003EB629 /* Models */ = {
			isa = PBXGroup;
			children = (
				65ECC3722EF74FD500F75278 /* Trigger.swift */,
				65ECC3792EF7508000F75278 /* InvestmentRecord.swift */,
				65ECC3772EF7506F00F75278 /* CryptoToken.swift */,
			);
			path = Models;
			sourceTree = "<group>";
		};
		65F13E7C2EB3DC05003EB629 /* ViewModel */ = {
			isa = PBXGroup;
			children = (
				65ECC3932EF7565400F75278 /* TriggerListViewModel.swift */,
				654490312EF8AB2C00954EE2 /* CreateTriggerViewModel.swift */,
			);
			path = ViewModel;
			sourceTree = "<group>";
		};
		65F13E7F2EB3DC13003EB629 /* Views */ = {
			isa = PBXGroup;
			children = (
				65F13E872EB3E00E003EB629 /* PortfolioViews */,
				65F13E8A2EB3E287003EB629 /* CreateTriggerViews */,
				65ED74562EB6965400336086 /* TriggersListView */,
				65F13E8F2EB3E2CA003EB629 /* SettingsViews */,
			);
			path = Views;
			sourceTree = "<group>";
		};
		65F13E862EB3DF92003EB629 /* Routing  */ = {
			isa = PBXGroup;
			children = (
				65F13E802EB3DC37003EB629 /* Router.swift */,
				65F13E842EB3DE2C003EB629 /* AppRoute.swift */,
				65F13E822EB3DE1B003EB629 /* RouterView.swift */,
			);
			path = "Routing ";
			sourceTree = "<group>";
		};
		65F13E872EB3E00E003EB629 /* PortfolioViews */ = {
			isa = PBXGroup;
			children = (
				65F13E882EB3E045003EB629 /* PortfolioScreen.swift */,
			);
			path = PortfolioViews;
			sourceTree = "<group>";
		};
		65F13E8A2EB3E287003EB629 /* CreateTriggerViews */ = {
			isa = PBXGroup;
			children = (
				65F13E8B2EB3E299003EB629 /* CreateTriggerScreen.swift */,
			);
			path = CreateTriggerViews;
			sourceTree = "<group>";
		};
		65F13E8F2EB3E2CA003EB629 /* SettingsViews */ = {
			isa = PBXGroup;
			children = (
				65F13E8D2EB3E2C6003EB629 /* SettingsScreen.swift */,
			);
			path = SettingsViews;
			sourceTree = "<group>";
		};
/* End PBXGroup section */

/* Begin PBXNativeTarget section */
		65F13E562EB3D8A7003EB629 /* InvestHelper */ = {
			isa = PBXNativeTarget;
			buildConfigurationList = 65F13E652EB3D8A8003EB629 /* Build configuration list for PBXNativeTarget "InvestHelper" */;
			buildPhases = (
				65F13E532EB3D8A7003EB629 /* Sources */,
				65F13E542EB3D8A7003EB629 /* Frameworks */,
				65F13E552EB3D8A7003EB629 /* Resources */,
			);
			buildRules = (
			);
			dependencies = (
			);
			name = InvestHelper;
			packageProductDependencies = (
			);
			productName = InvestHelper;
			productReference = 65F13E572EB3D8A7003EB629 /* InvestHelper.app */;
			productType = "com.apple.product-type.application";
		};
/* End PBXNativeTarget section */

/* Begin PBXProject section */
		65F13E4F2EB3D8A7003EB629 /* Project object */ = {
			isa = PBXProject;
			attributes = {
				BuildIndependentTargetsInParallel = 1;
				LastSwiftUpdateCheck = 1600;
				LastUpgradeCheck = 2610;
				TargetAttributes = {
					65F13E562EB3D8A7003EB629 = {
						CreatedOnToolsVersion = 16.0;
					};
				};
			};
			buildConfigurationList = 65F13E522EB3D8A7003EB629 /* Build configuration list for PBXProject "InvestHelper" */;
			developmentRegion = en;
			hasScannedForEncodings = 0;
			knownRegions = (
				en,
				Base,
				ru,
			);
			mainGroup = 65F13E4E2EB3D8A7003EB629;
			minimizedProjectReferenceProxies = 1;
			preferredProjectObjectVersion = 77;
			productRefGroup = 65F13E582EB3D8A7003EB629 /* Products */;
			projectDirPath = "";
			projectRoot = "";
			targets = (
				65F13E562EB3D8A7003EB629 /* InvestHelper */,
			);
		};
/* End PBXProject section */

/* Begin PBXResourcesBuildPhase section */
		65F13E552EB3D8A7003EB629 /* Resources */ = {
			isa = PBXResourcesBuildPhase;
			buildActionMask = 2147483647;
			files = (
				65F13E6E2EB3D8B2003EB629 /* Preview Assets.xcassets in Resources */,
				65F13E772EB3DB9E003EB629 /* Localizable.strings in Resources */,
				65F13E6F2EB3D8B2003EB629 /* Assets.xcassets in Resources */,
			);
			runOnlyForDeploymentPostprocessing = 0;
		};
/* End PBXResourcesBuildPhase section */

/* Begin PBXSourcesBuildPhase section */
		65F13E532EB3D8A7003EB629 /* Sources */ = {
			isa = PBXSourcesBuildPhase;
			buildActionMask = 2147483647;
			files = (
				65F13E812EB3DC37003EB629 /* Router.swift in Sources */,
				65F13E892EB3E045003EB629 /* PortfolioScreen.swift in Sources */,
				654490302EF89A3E00954EE2 /* AppContainer.swift in Sources */,
				65F13E8E2EB3E2C6003EB629 /* SettingsScreen.swift in Sources */,
				65F13E792EB3DBD9003EB629 /* Keys.swift in Sources */,
				65F13E712EB3D8B2003EB629 /* InvestHelperApp.swift in Sources */,
				65ECC3962EF756EC00F75278 /* MockDataProvider.swift in Sources */,
				65ECC38D2EF7556700F75278 /* CryptoManager.swift in Sources */,
				65ECC3942EF7565700F75278 /* TriggerListViewModel.swift in Sources */,
				65ECC3912EF755AE00F75278 /* StorageManager.swift in Sources */,
				65ECC3732EF74FD600F75278 /* Trigger.swift in Sources */,
				65F13E832EB3DE1B003EB629 /* RouterView.swift in Sources */,
				65F13E852EB3DE2C003EB629 /* AppRoute.swift in Sources */,
				65ED74582EB6967F00336086 /* TriggersListScreen.swift in Sources */,
				654490322EF8AB2F00954EE2 /* CreateTriggerViewModel.swift in Sources */,
				65ECC3822EF753BE00F75278 /* DataProvider.swift in Sources */,
				65ECC3782EF7507000F75278 /* CryptoToken.swift in Sources */,
				65ECC38B2EF7550B00F75278 /* DataProviderProtocol.swift in Sources */,
				65ECC37A2EF7508100F75278 /* InvestmentRecord.swift in Sources */,
				65ECC38F2EF7559900F75278 /* NotificationManager.swift in Sources */,
				65ECC3852EF7546F00F75278 /* TriggerEvaluator.swift in Sources */,
				65ECC3872EF7548E00F75278 /* TriggerManager.swift in Sources */,
				65F13E8C2EB3E299003EB629 /* CreateTriggerScreen.swift in Sources */,
			);
			runOnlyForDeploymentPostprocessing = 0;
		};
/* End PBXSourcesBuildPhase section */

/* Begin PBXVariantGroup section */
		65F13E762EB3DB9E003EB629 /* Localizable.strings */ = {
			isa = PBXVariantGroup;
			children = (
				65F13E742EB3DB9E003EB629 /* Localizable.strings */,
				65F13E752EB3DB9E003EB629 /* Localizable.strings */,
			);
			name = Localizable.strings;
			sourceTree = "<group>";
		};
/* End PBXVariantGroup section */

/* Begin XCBuildConfiguration section */
		65F13E632EB3D8A8003EB629 /* Debug */ = {
			isa = XCBuildConfiguration;
			buildSettings = {
				ALWAYS_SEARCH_USER_PATHS = NO;
				ASSETCATALOG_COMPILER_GENERATE_SWIFT_ASSET_SYMBOL_EXTENSIONS = YES;
				CLANG_ANALYZER_LOCALIZABILITY_NONLOCALIZED = YES;
				CLANG_ANALYZER_NONNULL = YES;
				CLANG_ANALYZER_NUMBER_OBJECT_CONVERSION = YES_AGGRESSIVE;
				CLANG_CXX_LANGUAGE_STANDARD = "gnu++20";
				CLANG_ENABLE_MODULES = YES;
				CLANG_ENABLE_OBJC_ARC = YES;
				CLANG_ENABLE_OBJC_WEAK = YES;
				CLANG_WARN_BLOCK_CAPTURE_AUTORELEASING = YES;
				CLANG_WARN_BOOL_CONVERSION = YES;
				CLANG_WARN_COMMA = YES;
				CLANG_WARN_CONSTANT_CONVERSION = YES;
				CLANG_WARN_DEPRECATED_OBJC_IMPLEMENTATIONS = YES;
				CLANG_WARN_DIRECT_OBJC_ISA_USAGE = YES_ERROR;
				CLANG_WARN_DOCUMENTATION_COMMENTS = YES;
				CLANG_WARN_EMPTY_BODY = YES;
				CLANG_WARN_ENUM_CONVERSION = YES;
				CLANG_WARN_INFINITE_RECURSION = YES;
				CLANG_WARN_INT_CONVERSION = YES;
				CLANG_WARN_NON_LITERAL_NULL_CONVERSION = YES;
				CLANG_WARN_OBJC_IMPLICIT_RETAIN_SELF = YES;
				CLANG_WARN_OBJC_LITERAL_CONVERSION = YES;
				CLANG_WARN_OBJC_ROOT_CLASS = YES_ERROR;
				CLANG_WARN_QUOTED_INCLUDE_IN_FRAMEWORK_HEADER = YES;
				CLANG_WARN_RANGE_LOOP_ANALYSIS = YES;
				CLANG_WARN_STRICT_PROTOTYPES = YES;
				CLANG_WARN_SUSPICIOUS_MOVE = YES;
				CLANG_WARN_UNGUARDED_AVAILABILITY = YES_AGGRESSIVE;
				CLANG_WARN_UNREACHABLE_CODE = YES;
				CLANG_WARN__DUPLICATE_METHOD_MATCH = YES;
				COPY_PHASE_STRIP = NO;
				DEBUG_INFORMATION_FORMAT = dwarf;
				DEVELOPMENT_TEAM = 48ZS6ANM3R;
				ENABLE_STRICT_OBJC_MSGSEND = YES;
				ENABLE_TESTABILITY = YES;
				ENABLE_USER_SCRIPT_SANDBOXING = YES;
				GCC_C_LANGUAGE_STANDARD = gnu17;
				GCC_DYNAMIC_NO_PIC = NO;
				GCC_NO_COMMON_BLOCKS = YES;
				GCC_OPTIMIZATION_LEVEL = 0;
				GCC_PREPROCESSOR_DEFINITIONS = (
					"DEBUG=1",
					"$(inherited)",
				);
				GCC_WARN_64_TO_32_BIT_CONVERSION = YES;
				GCC_WARN_ABOUT_RETURN_TYPE = YES_ERROR;
				GCC_WARN_UNDECLARED_SELECTOR = YES;
				GCC_WARN_UNINITIALIZED_AUTOS = YES_AGGRESSIVE;
				GCC_WARN_UNUSED_FUNCTION = YES;
				GCC_WARN_UNUSED_VARIABLE = YES;
				IPHONEOS_DEPLOYMENT_TARGET = 17.6;
				LOCALIZATION_PREFERS_STRING_CATALOGS = YES;
				MTL_ENABLE_DEBUG_INFO = INCLUDE_SOURCE;
				MTL_FAST_MATH = YES;
				ONLY_ACTIVE_ARCH = YES;
				SDKROOT = iphoneos;
				STRING_CATALOG_GENERATE_SYMBOLS = YES;
				SWIFT_ACTIVE_COMPILATION_CONDITIONS = "DEBUG $(inherited)";
				SWIFT_OPTIMIZATION_LEVEL = "-Onone";
			};
			name = Debug;
		};
		65F13E642EB3D8A8003EB629 /* Release */ = {
			isa = XCBuildConfiguration;
			buildSettings = {
				ALWAYS_SEARCH_USER_PATHS = NO;
				ASSETCATALOG_COMPILER_GENERATE_SWIFT_ASSET_SYMBOL_EXTENSIONS = YES;
				CLANG_ANALYZER_LOCALIZABILITY_NONLOCALIZED = YES;
				CLANG_ANALYZER_NONNULL = YES;
				CLANG_ANALYZER_NUMBER_OBJECT_CONVERSION = YES_AGGRESSIVE;
				CLANG_CXX_LANGUAGE_STANDARD = "gnu++20";
				CLANG_ENABLE_MODULES = YES;
				CLANG_ENABLE_OBJC_ARC = YES;
				CLANG_ENABLE_OBJC_WEAK = YES;
				CLANG_WARN_BLOCK_CAPTURE_AUTORELEASING = YES;
				CLANG_WARN_BOOL_CONVERSION = YES;
				CLANG_WARN_COMMA = YES;
				CLANG_WARN_CONSTANT_CONVERSION = YES;
				CLANG_WARN_DEPRECATED_OBJC_IMPLEMENTATIONS = YES;
				CLANG_WARN_DIRECT_OBJC_ISA_USAGE = YES_ERROR;
				CLANG_WARN_DOCUMENTATION_COMMENTS = YES;
				CLANG_WARN_EMPTY_BODY = YES;
				CLANG_WARN_ENUM_CONVERSION = YES;
				CLANG_WARN_INFINITE_RECURSION = YES;
				CLANG_WARN_INT_CONVERSION = YES;
				CLANG_WARN_NON_LITERAL_NULL_CONVERSION = YES;
				CLANG_WARN_OBJC_IMPLICIT_RETAIN_SELF = YES;
				CLANG_WARN_OBJC_LITERAL_CONVERSION = YES;
				CLANG_WARN_OBJC_ROOT_CLASS = YES_ERROR;
				CLANG_WARN_QUOTED_INCLUDE_IN_FRAMEWORK_HEADER = YES;
				CLANG_WARN_RANGE_LOOP_ANALYSIS = YES;
				CLANG_WARN_STRICT_PROTOTYPES = YES;
				CLANG_WARN_SUSPICIOUS_MOVE = YES;
				CLANG_WARN_UNGUARDED_AVAILABILITY = YES_AGGRESSIVE;
				CLANG_WARN_UNREACHABLE_CODE = YES;
				CLANG_WARN__DUPLICATE_METHOD_MATCH = YES;
				COPY_PHASE_STRIP = NO;
				DEBUG_INFORMATION_FORMAT = "dwarf-with-dsym";
				DEVELOPMENT_TEAM = 48ZS6ANM3R;
				ENABLE_NS_ASSERTIONS = NO;
				ENABLE_STRICT_OBJC_MSGSEND = YES;
				ENABLE_USER_SCRIPT_SANDBOXING = YES;
				GCC_C_LANGUAGE_STANDARD = gnu17;
				GCC_NO_COMMON_BLOCKS = YES;
				GCC_WARN_64_TO_32_BIT_CONVERSION = YES;
				GCC_WARN_ABOUT_RETURN_TYPE = YES_ERROR;
				GCC_WARN_UNDECLARED_SELECTOR = YES;
				GCC_WARN_UNINITIALIZED_AUTOS = YES_AGGRESSIVE;
				GCC_WARN_UNUSED_FUNCTION = YES;
				GCC_WARN_UNUSED_VARIABLE = YES;
				IPHONEOS_DEPLOYMENT_TARGET = 17.6;
				LOCALIZATION_PREFERS_STRING_CATALOGS = YES;
				MTL_ENABLE_DEBUG_INFO = NO;
				MTL_FAST_MATH = YES;
				SDKROOT = iphoneos;
				STRING_CATALOG_GENERATE_SYMBOLS = YES;
				SWIFT_COMPILATION_MODE = wholemodule;
				VALIDATE_PRODUCT = YES;
			};
			name = Release;
		};
		65F13E662EB3D8A8003EB629 /* Debug */ = {
			isa = XCBuildConfiguration;
			buildSettings = {
				ASSETCATALOG_COMPILER_APPICON_NAME = AppIcon;
				ASSETCATALOG_COMPILER_GLOBAL_ACCENT_COLOR_NAME = AccentColor;
				CODE_SIGN_STYLE = Automatic;
				CURRENT_PROJECT_VERSION = 1;
				DEVELOPMENT_ASSET_PATHS = "\"InvestHelper/Preview Content\"";
				ENABLE_PREVIEWS = YES;
				GENERATE_INFOPLIST_FILE = YES;
				INFOPLIST_KEY_UIApplicationSceneManifest_Generation = YES;
				INFOPLIST_KEY_UIApplicationSupportsIndirectInputEvents = YES;
				INFOPLIST_KEY_UILaunchScreen_Generation = YES;
				INFOPLIST_KEY_UISupportedInterfaceOrientations_iPad = "UIInterfaceOrientationPortrait UIInterfaceOrientationPortraitUpsideDown UIInterfaceOrientationLandscapeLeft UIInterfaceOrientationLandscapeRight";
				INFOPLIST_KEY_UISupportedInterfaceOrientations_iPhone = "UIInterfaceOrientationPortrait UIInterfaceOrientationLandscapeLeft UIInterfaceOrientationLandscapeRight";
				IPHONEOS_DEPLOYMENT_TARGET = 17.0;
				LD_RUNPATH_SEARCH_PATHS = (
					"$(inherited)",
					"@executable_path/Frameworks",
				);
				MARKETING_VERSION = 1.0;
				PRODUCT_BUNDLE_IDENTIFIER = App.InvestHelper;
				PRODUCT_NAME = "$(TARGET_NAME)";
				SWIFT_EMIT_LOC_STRINGS = YES;
				SWIFT_VERSION = 5.0;
				TARGETED_DEVICE_FAMILY = "1,2";
			};
			name = Debug;
		};
		65F13E672EB3D8A8003EB629 /* Release */ = {
			isa = XCBuildConfiguration;
			buildSettings = {
				ASSETCATALOG_COMPILER_APPICON_NAME = AppIcon;
				ASSETCATALOG_COMPILER_GLOBAL_ACCENT_COLOR_NAME = AccentColor;
				CODE_SIGN_STYLE = Automatic;
				CURRENT_PROJECT_VERSION = 1;
				DEVELOPMENT_ASSET_PATHS = "\"InvestHelper/Preview Content\"";
				ENABLE_PREVIEWS = YES;
				GENERATE_INFOPLIST_FILE = YES;
				INFOPLIST_KEY_UIApplicationSceneManifest_Generation = YES;
				INFOPLIST_KEY_UIApplicationSupportsIndirectInputEvents = YES;
				INFOPLIST_KEY_UILaunchScreen_Generation = YES;
				INFOPLIST_KEY_UISupportedInterfaceOrientations_iPad = "UIInterfaceOrientationPortrait UIInterfaceOrientationPortraitUpsideDown UIInterfaceOrientationLandscapeLeft UIInterfaceOrientationLandscapeRight";
				INFOPLIST_KEY_UISupportedInterfaceOrientations_iPhone = "UIInterfaceOrientationPortrait UIInterfaceOrientationLandscapeLeft UIInterfaceOrientationLandscapeRight";
				IPHONEOS_DEPLOYMENT_TARGET = 17.0;
				LD_RUNPATH_SEARCH_PATHS = (
					"$(inherited)",
					"@executable_path/Frameworks",
				);
				MARKETING_VERSION = 1.0;
				PRODUCT_BUNDLE_IDENTIFIER = App.InvestHelper;
				PRODUCT_NAME = "$(TARGET_NAME)";
				SWIFT_EMIT_LOC_STRINGS = YES;
				SWIFT_VERSION = 5.0;
				TARGETED_DEVICE_FAMILY = "1,2";
			};
			name = Release;
		};
/* End XCBuildConfiguration section */

/* Begin XCConfigurationList section */
		65F13E522EB3D8A7003EB629 /* Build configuration list for PBXProject "InvestHelper" */ = {
			isa = XCConfigurationList;
			buildConfigurations = (
				65F13E632EB3D8A8003EB629 /* Debug */,
				65F13E642EB3D8A8003EB629 /* Release */,
			);
			defaultConfigurationIsVisible = 0;
			defaultConfigurationName = Release;
		};
		65F13E652EB3D8A8003EB629 /* Build configuration list for PBXNativeTarget "InvestHelper" */ = {
			isa = XCConfigurationList;
			buildConfigurations = (
				65F13E662EB3D8A8003EB629 /* Debug */,
				65F13E672EB3D8A8003EB629 /* Release */,
			);
			defaultConfigurationIsVisible = 0;
			defaultConfigurationName = Release;
		};
/* End XCConfigurationList section */
	};
	rootObject = 65F13E4F2EB3D8A7003EB629 /* Project object */;
}
